
Microsoft Visual Studio Solution File, Format Version 12.00
# Visual Studio Version 16
VisualStudioVersion = 16.0.30907.101
MinimumVisualStudioVersion = 10.0.40219.1
Project("{FAE04EC0-301F-11D3-BF4B-00C04F79EFBC}") = "RFID", "RFID.csproj", "{C0377279-712D-40BC-B0F0-39D05E0ED396}"
EndProject
Project("{FAE04EC0-301F-11D3-BF4B-00C04F79EFBC}") = "MyPlotHelper", "D:\mathwork\matlab\bin\export\MyPlot\MyPlotHelper\MyPlotHelper.csproj", "{13F732A3-A755-4B55-BE3A-8C1F8BE3430D}"
EndProject
Global
	GlobalSection(SolutionConfigurationPlatforms) = preSolution
		Debug|Any CPU = Debug|Any CPU
		Release|Any CPU = Release|Any CPU
	EndGlobalSection
	GlobalSection(ProjectConfigurationPlatforms) = postSolution
		{C0377279-712D-40BC-B0F0-39D05E0ED396}.Debug|Any CPU.ActiveCfg = Debug|Any CPU
		{C0377279-712D-40BC-B0F0-39D05E0ED396}.Debug|Any CPU.Build.0 = Debug|Any CPU
		{C0377279-712D-40BC-B0F0-39D05E0ED396}.Release|Any CPU.ActiveCfg = Release|Any CPU
		{C0377279-712D-40BC-B0F0-39D05E0ED396}.Release|Any CPU.Build.0 = Release|Any CPU
		{13F732A3-A755-4B55-BE3A-8C1F8BE3430D}.Debug|Any CPU.ActiveCfg = Debug|Any CPU
		{13F732A3-A755-4B55-BE3A-8C1F8BE3430D}.Debug|Any CPU.Build.0 = Debug|Any CPU
		{13F732A3-A755-4B55-BE3A-8C1F8BE3430D}.Release|Any CPU.ActiveCfg = Release|Any CPU
		{13F732A3-A755-4B55-BE3A-8C1F8BE3430D}.Release|Any CPU.Build.0 = Release|Any CPU
	EndGlobalSection
	GlobalSection(SolutionProperties) = preSolution
		HideSolutionNode = FALSE
	EndGlobalSection
	GlobalSection(ExtensibilityGlobals) = postSolution
		SolutionGuid = {551FC94F-1AF2-45D1-AFEA-FF5A0859C7C3}
	EndGlobalSection
EndGlobal
